
Microsoft Visual Studio Solution File, Format Version 12.00
# Visual Studio Version 16
VisualStudioVersion = 16.0.31624.102
MinimumVisualStudioVersion = 10.0.40219.1
Project("{FAE04EC0-301F-11D3-BF4B-00C04F79EFBC}") = "Quete_Composite", "Quete_Composite\Quete_Composite.csproj", "{DA92A105-5D89-40C2-824F-568FCEFF3FB7}"
EndProject
Global
	GlobalSection(SolutionConfigurationPlatforms) = preSolution
		Debug|Any CPU = Debug|Any CPU
		Release|Any CPU = Release|Any CPU
	EndGlobalSection
	GlobalSection(ProjectConfigurationPlatforms) = postSolution
		{DA92A105-5D89-40C2-824F-568FCEFF3FB7}.Debug|Any CPU.ActiveCfg = Debug|Any CPU
		{DA92A105-5D89-40C2-824F-568FCEFF3FB7}.Debug|Any CPU.Build.0 = Debug|Any CPU
		{DA92A105-5D89-40C2-824F-568FCEFF3FB7}.Release|Any CPU.ActiveCfg = Release|Any CPU
		{DA92A105-5D89-40C2-824F-568FCEFF3FB7}.Release|Any CPU.Build.0 = Release|Any CPU
	EndGlobalSection
	GlobalSection(SolutionProperties) = preSolution
		HideSolutionNode = FALSE
	EndGlobalSection
	GlobalSection(ExtensibilityGlobals) = postSolution
		SolutionGuid = {6384C48F-7559-4D24-9BD9-927F5FAE7CEC}
	EndGlobalSection
EndGlobal
